
Microsoft Visual Studio Solution File, Format Version 12.00
# Visual Studio Version 17
VisualStudioVersion = 17.0.32014.148
MinimumVisualStudioVersion = 10.0.40219.1
Project("{8BC9CEB8-8B4A-11D0-8D11-00A0C91BC942}") = "ConsoleApplication1", "ConsoleApplication1\ConsoleApplication1.vcxproj", "{34EABA83-9DCA-48C9-AE91-4AD05606D9DB}"
EndProject
Global
	GlobalSection(SolutionConfigurationPlatforms) = preSolution
		Debug|x64 = Debug|x64
		Debug|x86 = Debug|x86
		Release|x64 = Release|x64
		Release|x86 = Release|x86
	EndGlobalSection
	GlobalSection(ProjectConfigurationPlatforms) = postSolution
		{34EABA83-9DCA-48C9-AE91-4AD05606D9DB}.Debug|x64.ActiveCfg = Debug|x64
		{34EABA83-9DCA-48C9-AE91-4AD05606D9DB}.Debug|x64.Build.0 = Debug|x64
		{34EABA83-9DCA-48C9-AE91-4AD05606D9DB}.Debug|x86.ActiveCfg = Debug|Win32
		{34EABA83-9DCA-48C9-AE91-4AD05606D9DB}.Debug|x86.Build.0 = Debug|Win32
		{34EABA83-9DCA-48C9-AE91-4AD05606D9DB}.Release|x64.ActiveCfg = Release|x64
		{34EABA83-9DCA-48C9-AE91-4AD05606D9DB}.Release|x64.Build.0 = Release|x64
		{34EABA83-9DCA-48C9-AE91-4AD05606D9DB}.Release|x86.ActiveCfg = Release|Win32
		{34EABA83-9DCA-48C9-AE91-4AD05606D9DB}.Release|x86.Build.0 = Release|Win32
	EndGlobalSection
	GlobalSection(SolutionProperties) = preSolution
		HideSolutionNode = FALSE
	EndGlobalSection
	GlobalSection(ExtensibilityGlobals) = postSolution
		SolutionGuid = {E3CFCC91-99A5-4B30-A29B-FA7411D765AF}
	EndGlobalSection
EndGlobal
